
Microsoft Visual Studio Solution File, Format Version 12.00
# Visual Studio Version 16
VisualStudioVersion = 16.0.32630.194
MinimumVisualStudioVersion = 10.0.40219.1
Project("{2150E333-8FDC-42A3-9474-1A3956D46DE8}") = "Services", "Services", "{1503A1B2-E0A6-4042-931D-D152EDF4D701}"
EndProject
Project("{2150E333-8FDC-42A3-9474-1A3956D46DE8}") = "Catalog", "Catalog", "{A5342C85-3DB9-49CF-AA04-94618272E850}"
EndProject
Project("{9A19103F-16F7-4668-BE54-9A1E7A4F7556}") = "Catalog.API", "Services\Catalog\Catalog.API\Catalog.API.csproj", "{2E1D0C50-FD35-4249-9869-B9AD371755A3}"
EndProject
Project("{E53339B2-1760-4266-BCC7-CA923CBCF16C}") = "docker-compose", "docker-compose.dcproj", "{D08B9C0B-20DD-480D-888E-BBF469CCA4EE}"
EndProject
Project("{2150E333-8FDC-42A3-9474-1A3956D46DE8}") = "Basket", "Basket", "{575CD7BC-6C52-425D-B30B-DE593CCEE592}"
EndProject
Project("{9A19103F-16F7-4668-BE54-9A1E7A4F7556}") = "Basket.API", "Services\Basket\Basket.API\Basket.API.csproj", "{9832164F-2183-4A17-9D8A-62DA225D69E1}"
EndProject
Project("{2150E333-8FDC-42A3-9474-1A3956D46DE8}") = "Discount", "Discount", "{152A68A6-614C-4E2F-A3BA-567CBEDE9C47}"
EndProject
Project("{9A19103F-16F7-4668-BE54-9A1E7A4F7556}") = "Discount.API", "Services\Discount\Discount.API\Discount.API.csproj", "{F9A557AE-EFD5-46A2-BB17-E137969FB4DC}"
EndProject
Project("{9A19103F-16F7-4668-BE54-9A1E7A4F7556}") = "Discount.Grpc", "Services\Discount\Discount.Grpc\Discount.Grpc.csproj", "{D7085DBF-E291-42C9-8346-9750CD3C7509}"
EndProject
Project("{2150E333-8FDC-42A3-9474-1A3956D46DE8}") = "Ordering", "Ordering", "{1FADCCE3-833D-4B04-A371-0B77363268DA}"
EndProject
Project("{9A19103F-16F7-4668-BE54-9A1E7A4F7556}") = "Ordering.API", "Services\Ordering\Ordering.API\Ordering.API.csproj", "{D511E0F8-0D0F-4EB4-A7E5-3111CF51378E}"
EndProject
Project("{9A19103F-16F7-4668-BE54-9A1E7A4F7556}") = "Ordering.Domain", "Services\Ordering\Ordering.Domain\Ordering.Domain.csproj", "{6E11A628-6609-4CD7-9336-8BB1B412B16D}"
EndProject
Project("{9A19103F-16F7-4668-BE54-9A1E7A4F7556}") = "Ordering.Application", "Services\Ordering\Ordering.Application\Ordering.Application.csproj", "{F6211A46-058B-432C-BD5B-1A977C10E891}"
EndProject
Project("{9A19103F-16F7-4668-BE54-9A1E7A4F7556}") = "Ordering.Infrastructure", "Services\Ordering\Ordering.Infrastructure\Ordering.Infrastructure.csproj", "{9A6FE130-01A2-4C12-B53E-D4DCAC6BF8B1}"
EndProject
Project("{2150E333-8FDC-42A3-9474-1A3956D46DE8}") = "BuildingBlocks", "BuildingBlocks", "{8E0F5C42-A6F0-453A-91DB-C6686FF1E1F1}"
EndProject
Project("{9A19103F-16F7-4668-BE54-9A1E7A4F7556}") = "EventBus.Messages", "BuildingBlocks\EventBus.Messages\EventBus.Messages.csproj", "{783A8D84-F526-4627-9017-1662373F33C3}"
EndProject
Project("{2150E333-8FDC-42A3-9474-1A3956D46DE8}") = "ApiGateways", "ApiGateways", "{B050443F-F61B-41D5-9D08-C458C68E67AE}"
EndProject
Project("{FAE04EC0-301F-11D3-BF4B-00C04F79EFBC}") = "OcelotApiGw", "ApiGateways\OcelotApiGw\OcelotApiGw.csproj", "{359E94CA-D300-40CC-9F07-16094E2445DA}"
EndProject
Project("{FAE04EC0-301F-11D3-BF4B-00C04F79EFBC}") = "Shopping.Aggregator", "ApiGateways\Shopping.Aggregator\Shopping.Aggregator.csproj", "{7087035F-51B3-4B7D-8653-A36FB8CE5A95}"
EndProject
Project("{2150E333-8FDC-42A3-9474-1A3956D46DE8}") = "WebApps", "WebApps", "{76E091F9-2B92-4C0A-B4FF-38F44DFCB80B}"
EndProject
Project("{9A19103F-16F7-4668-BE54-9A1E7A4F7556}") = "AspnetRunBasics", "WebApps\AspnetRunBasics\AspnetRunBasics.csproj", "{638F4E45-90FA-4027-8388-B935FB92A2BA}"
EndProject
Global
	GlobalSection(SolutionConfigurationPlatforms) = preSolution
		Debug|Any CPU = Debug|Any CPU
		Release|Any CPU = Release|Any CPU
	EndGlobalSection
	GlobalSection(ProjectConfigurationPlatforms) = postSolution
		{2E1D0C50-FD35-4249-9869-B9AD371755A3}.Debug|Any CPU.ActiveCfg = Debug|Any CPU
		{2E1D0C50-FD35-4249-9869-B9AD371755A3}.Debug|Any CPU.Build.0 = Debug|Any CPU
		{2E1D0C50-FD35-4249-9869-B9AD371755A3}.Release|Any CPU.ActiveCfg = Release|Any CPU
		{2E1D0C50-FD35-4249-9869-B9AD371755A3}.Release|Any CPU.Build.0 = Release|Any CPU
		{D08B9C0B-20DD-480D-888E-BBF469CCA4EE}.Debug|Any CPU.ActiveCfg = Debug|Any CPU
		{D08B9C0B-20DD-480D-888E-BBF469CCA4EE}.Debug|Any CPU.Build.0 = Debug|Any CPU
		{D08B9C0B-20DD-480D-888E-BBF469CCA4EE}.Release|Any CPU.ActiveCfg = Release|Any CPU
		{D08B9C0B-20DD-480D-888E-BBF469CCA4EE}.Release|Any CPU.Build.0 = Release|Any CPU
		{9832164F-2183-4A17-9D8A-62DA225D69E1}.Debug|Any CPU.ActiveCfg = Debug|Any CPU
		{9832164F-2183-4A17-9D8A-62DA225D69E1}.Debug|Any CPU.Build.0 = Debug|Any CPU
		{9832164F-2183-4A17-9D8A-62DA225D69E1}.Release|Any CPU.ActiveCfg = Release|Any CPU
		{9832164F-2183-4A17-9D8A-62DA225D69E1}.Release|Any CPU.Build.0 = Release|Any CPU
		{F9A557AE-EFD5-46A2-BB17-E137969FB4DC}.Debug|Any CPU.ActiveCfg = Debug|Any CPU
		{F9A557AE-EFD5-46A2-BB17-E137969FB4DC}.Debug|Any CPU.Build.0 = Debug|Any CPU
		{F9A557AE-EFD5-46A2-BB17-E137969FB4DC}.Release|Any CPU.ActiveCfg = Release|Any CPU
		{F9A557AE-EFD5-46A2-BB17-E137969FB4DC}.Release|Any CPU.Build.0 = Release|Any CPU
		{D7085DBF-E291-42C9-8346-9750CD3C7509}.Debug|Any CPU.ActiveCfg = Debug|Any CPU
		{D7085DBF-E291-42C9-8346-9750CD3C7509}.Debug|Any CPU.Build.0 = Debug|Any CPU
		{D7085DBF-E291-42C9-8346-9750CD3C7509}.Release|Any CPU.ActiveCfg = Release|Any CPU
		{D7085DBF-E291-42C9-8346-9750CD3C7509}.Release|Any CPU.Build.0 = Release|Any CPU
		{D511E0F8-0D0F-4EB4-A7E5-3111CF51378E}.Debug|Any CPU.ActiveCfg = Debug|Any CPU
		{D511E0F8-0D0F-4EB4-A7E5-3111CF51378E}.Debug|Any CPU.Build.0 = Debug|Any CPU
		{D511E0F8-0D0F-4EB4-A7E5-3111CF51378E}.Release|Any CPU.ActiveCfg = Release|Any CPU
		{D511E0F8-0D0F-4EB4-A7E5-3111CF51378E}.Release|Any CPU.Build.0 = Release|Any CPU
		{6E11A628-6609-4CD7-9336-8BB1B412B16D}.Debug|Any CPU.ActiveCfg = Debug|Any CPU
		{6E11A628-6609-4CD7-9336-8BB1B412B16D}.Debug|Any CPU.Build.0 = Debug|Any CPU
		{6E11A628-6609-4CD7-9336-8BB1B412B16D}.Release|Any CPU.ActiveCfg = Release|Any CPU
		{6E11A628-6609-4CD7-9336-8BB1B412B16D}.Release|Any CPU.Build.0 = Release|Any CPU
		{F6211A46-058B-432C-BD5B-1A977C10E891}.Debug|Any CPU.ActiveCfg = Debug|Any CPU
		{F6211A46-058B-432C-BD5B-1A977C10E891}.Debug|Any CPU.Build.0 = Debug|Any CPU
		{F6211A46-058B-432C-BD5B-1A977C10E891}.Release|Any CPU.ActiveCfg = Release|Any CPU
		{F6211A46-058B-432C-BD5B-1A977C10E891}.Release|Any CPU.Build.0 = Release|Any CPU
		{9A6FE130-01A2-4C12-B53E-D4DCAC6BF8B1}.Debug|Any CPU.ActiveCfg = Debug|Any CPU
		{9A6FE130-01A2-4C12-B53E-D4DCAC6BF8B1}.Debug|Any CPU.Build.0 = Debug|Any CPU
		{9A6FE130-01A2-4C12-B53E-D4DCAC6BF8B1}.Release|Any CPU.ActiveCfg = Release|Any CPU
		{9A6FE130-01A2-4C12-B53E-D4DCAC6BF8B1}.Release|Any CPU.Build.0 = Release|Any CPU
		{783A8D84-F526-4627-9017-1662373F33C3}.Debug|Any CPU.ActiveCfg = Debug|Any CPU
		{783A8D84-F526-4627-9017-1662373F33C3}.Debug|Any CPU.Build.0 = Debug|Any CPU
		{783A8D84-F526-4627-9017-1662373F33C3}.Release|Any CPU.ActiveCfg = Release|Any CPU
		{783A8D84-F526-4627-9017-1662373F33C3}.Release|Any CPU.Build.0 = Release|Any CPU
		{359E94CA-D300-40CC-9F07-16094E2445DA}.Debug|Any CPU.ActiveCfg = Debug|Any CPU
		{359E94CA-D300-40CC-9F07-16094E2445DA}.Debug|Any CPU.Build.0 = Debug|Any CPU
		{359E94CA-D300-40CC-9F07-16094E2445DA}.Release|Any CPU.ActiveCfg = Release|Any CPU
		{359E94CA-D300-40CC-9F07-16094E2445DA}.Release|Any CPU.Build.0 = Release|Any CPU
		{7087035F-51B3-4B7D-8653-A36FB8CE5A95}.Debug|Any CPU.ActiveCfg = Debug|Any CPU
		{7087035F-51B3-4B7D-8653-A36FB8CE5A95}.Debug|Any CPU.Build.0 = Debug|Any CPU
		{7087035F-51B3-4B7D-8653-A36FB8CE5A95}.Release|Any CPU.ActiveCfg = Release|Any CPU
		{7087035F-51B3-4B7D-8653-A36FB8CE5A95}.Release|Any CPU.Build.0 = Release|Any CPU
		{638F4E45-90FA-4027-8388-B935FB92A2BA}.Debug|Any CPU.ActiveCfg = Debug|Any CPU
		{638F4E45-90FA-4027-8388-B935FB92A2BA}.Debug|Any CPU.Build.0 = Debug|Any CPU
		{638F4E45-90FA-4027-8388-B935FB92A2BA}.Release|Any CPU.ActiveCfg = Release|Any CPU
		{638F4E45-90FA-4027-8388-B935FB92A2BA}.Release|Any CPU.Build.0 = Release|Any CPU
	EndGlobalSection
	GlobalSection(SolutionProperties) = preSolution
		HideSolutionNode = FALSE
	EndGlobalSection
	GlobalSection(NestedProjects) = preSolution
		{A5342C85-3DB9-49CF-AA04-94618272E850} = {1503A1B2-E0A6-4042-931D-D152EDF4D701}
		{2E1D0C50-FD35-4249-9869-B9AD371755A3} = {A5342C85-3DB9-49CF-AA04-94618272E850}
		{575CD7BC-6C52-425D-B30B-DE593CCEE592} = {1503A1B2-E0A6-4042-931D-D152EDF4D701}
		{9832164F-2183-4A17-9D8A-62DA225D69E1} = {575CD7BC-6C52-425D-B30B-DE593CCEE592}
		{152A68A6-614C-4E2F-A3BA-567CBEDE9C47} = {1503A1B2-E0A6-4042-931D-D152EDF4D701}
		{F9A557AE-EFD5-46A2-BB17-E137969FB4DC} = {152A68A6-614C-4E2F-A3BA-567CBEDE9C47}
		{D7085DBF-E291-42C9-8346-9750CD3C7509} = {152A68A6-614C-4E2F-A3BA-567CBEDE9C47}
		{1FADCCE3-833D-4B04-A371-0B77363268DA} = {1503A1B2-E0A6-4042-931D-D152EDF4D701}
		{D511E0F8-0D0F-4EB4-A7E5-3111CF51378E} = {1FADCCE3-833D-4B04-A371-0B77363268DA}
		{6E11A628-6609-4CD7-9336-8BB1B412B16D} = {1FADCCE3-833D-4B04-A371-0B77363268DA}
		{F6211A46-058B-432C-BD5B-1A977C10E891} = {1FADCCE3-833D-4B04-A371-0B77363268DA}
		{9A6FE130-01A2-4C12-B53E-D4DCAC6BF8B1} = {1FADCCE3-833D-4B04-A371-0B77363268DA}
		{783A8D84-F526-4627-9017-1662373F33C3} = {8E0F5C42-A6F0-453A-91DB-C6686FF1E1F1}
		{359E94CA-D300-40CC-9F07-16094E2445DA} = {B050443F-F61B-41D5-9D08-C458C68E67AE}
		{7087035F-51B3-4B7D-8653-A36FB8CE5A95} = {B050443F-F61B-41D5-9D08-C458C68E67AE}
		{638F4E45-90FA-4027-8388-B935FB92A2BA} = {76E091F9-2B92-4C0A-B4FF-38F44DFCB80B}
	EndGlobalSection
	GlobalSection(ExtensibilityGlobals) = postSolution
		SolutionGuid = {78260ABE-0C3B-4FF6-B33B-DEDB308AC057}
	EndGlobalSection
EndGlobal
